
Microsoft Visual Studio Solution File, Format Version 12.00
# Visual Studio Version 16
VisualStudioVersion = 16.0.29424.173
MinimumVisualStudioVersion = 10.0.40219.1
Project("{9A19103F-16F7-4668-BE54-9A1E7A4F7556}") = "BookForCook", "BookForCook\BookForCook.csproj", "{8417728B-719A-45A0-BFE2-A1B02AE136E5}"
EndProject
Project("{FAE04EC0-301F-11D3-BF4B-00C04F79EFBC}") = "API", "API\API.csproj", "{48B447A4-591E-4F38-B7A2-1ECC9A3FEDEC}"
EndProject
Project("{FAE04EC0-301F-11D3-BF4B-00C04F79EFBC}") = "Shared", "Shared\Shared.csproj", "{8427887F-772D-4B3A-A0B9-E62D38C5742A}"
EndProject
Global
	GlobalSection(SolutionConfigurationPlatforms) = preSolution
		Debug|Any CPU = Debug|Any CPU
		Release|Any CPU = Release|Any CPU
	EndGlobalSection
	GlobalSection(ProjectConfigurationPlatforms) = postSolution
		{8417728B-719A-45A0-BFE2-A1B02AE136E5}.Debug|Any CPU.ActiveCfg = Debug|Any CPU
		{8417728B-719A-45A0-BFE2-A1B02AE136E5}.Debug|Any CPU.Build.0 = Debug|Any CPU
		{8417728B-719A-45A0-BFE2-A1B02AE136E5}.Release|Any CPU.ActiveCfg = Release|Any CPU
		{8417728B-719A-45A0-BFE2-A1B02AE136E5}.Release|Any CPU.Build.0 = Release|Any CPU
		{48B447A4-591E-4F38-B7A2-1ECC9A3FEDEC}.Debug|Any CPU.ActiveCfg = Debug|Any CPU
		{48B447A4-591E-4F38-B7A2-1ECC9A3FEDEC}.Debug|Any CPU.Build.0 = Debug|Any CPU
		{48B447A4-591E-4F38-B7A2-1ECC9A3FEDEC}.Release|Any CPU.ActiveCfg = Release|Any CPU
		{48B447A4-591E-4F38-B7A2-1ECC9A3FEDEC}.Release|Any CPU.Build.0 = Release|Any CPU
		{8427887F-772D-4B3A-A0B9-E62D38C5742A}.Debug|Any CPU.ActiveCfg = Debug|Any CPU
		{8427887F-772D-4B3A-A0B9-E62D38C5742A}.Debug|Any CPU.Build.0 = Debug|Any CPU
		{8427887F-772D-4B3A-A0B9-E62D38C5742A}.Release|Any CPU.ActiveCfg = Release|Any CPU
		{8427887F-772D-4B3A-A0B9-E62D38C5742A}.Release|Any CPU.Build.0 = Release|Any CPU
	EndGlobalSection
	GlobalSection(SolutionProperties) = preSolution
		HideSolutionNode = FALSE
	EndGlobalSection
	GlobalSection(ExtensibilityGlobals) = postSolution
		SolutionGuid = {C90687AD-F7BB-4A12-B045-D22F41AB18DD}
	EndGlobalSection
EndGlobal
